
Microsoft Visual Studio Solution File, Format Version 12.00
# Visual Studio Version 17
VisualStudioVersion = 17.3.32929.385
MinimumVisualStudioVersion = 10.0.40219.1
Project("{C7167F0D-BC9F-4E6E-AFE1-012C56B48DB5}") = "FabricPickerExample.Package", "FabricPickerExample.Package\FabricPickerExample.Package.wapproj", "{F9ADD6C2-5BE8-4A63-A7AE-2D518EE0D95C}"
EndProject
Project("{8BC9CEB8-8B4A-11D0-8D11-00A0C91BC942}") = "FabricPickerExample", "FabricPickerExample\FabricPickerExample.vcxproj", "{5B7B6299-E806-4483-8F27-9FC83A1CD130}"
EndProject
Project("{8BC9CEB8-8B4A-11D0-8D11-00A0C91BC942}") = "ReactNativePicker", "..\node_modules\@react-native-picker\picker\windows\ReactNativePicker\ReactNativePicker.vcxproj", "{BEDCC600-4541-41F2-AA46-9E058202B6AD}"
EndProject
Global
	GlobalSection(SolutionConfigurationPlatforms) = preSolution
		Debug|x64 = Debug|x64
		Debug|x86 = Debug|x86
		Debug|ARM64 = Debug|ARM64
		Release|x64 = Release|x64
		Release|x86 = Release|x86
		Release|ARM64 = Release|ARM64
	EndGlobalSection
	GlobalSection(ProjectConfigurationPlatforms) = postSolution
		{F9ADD6C2-5BE8-4A63-A7AE-2D518EE0D95C}.Debug|x64.ActiveCfg = Debug|x64
		{F9ADD6C2-5BE8-4A63-A7AE-2D518EE0D95C}.Debug|x64.Build.0 = Debug|x64
		{F9ADD6C2-5BE8-4A63-A7AE-2D518EE0D95C}.Debug|x64.Deploy.0 = Debug|x64
		{F9ADD6C2-5BE8-4A63-A7AE-2D518EE0D95C}.Debug|x86.ActiveCfg = Debug|x86
		{F9ADD6C2-5BE8-4A63-A7AE-2D518EE0D95C}.Debug|x86.Build.0 = Debug|x86
		{F9ADD6C2-5BE8-4A63-A7AE-2D518EE0D95C}.Debug|x86.Deploy.0 = Debug|x86
		{F9ADD6C2-5BE8-4A63-A7AE-2D518EE0D95C}.Debug|ARM64.ActiveCfg = Debug|ARM64
		{F9ADD6C2-5BE8-4A63-A7AE-2D518EE0D95C}.Debug|ARM64.Build.0 = Debug|ARM64
		{F9ADD6C2-5BE8-4A63-A7AE-2D518EE0D95C}.Debug|ARM64.Deploy.0 = Debug|ARM64
		{F9ADD6C2-5BE8-4A63-A7AE-2D518EE0D95C}.Release|x64.ActiveCfg = Release|x64
		{F9ADD6C2-5BE8-4A63-A7AE-2D518EE0D95C}.Release|x64.Build.0 = Release|x64
		{F9ADD6C2-5BE8-4A63-A7AE-2D518EE0D95C}.Release|x64.Deploy.0 = Release|x64
		{F9ADD6C2-5BE8-4A63-A7AE-2D518EE0D95C}.Release|x86.ActiveCfg = Release|x86
		{F9ADD6C2-5BE8-4A63-A7AE-2D518EE0D95C}.Release|x86.Build.0 = Release|x86
		{F9ADD6C2-5BE8-4A63-A7AE-2D518EE0D95C}.Release|x86.Deploy.0 = Release|x86
		{F9ADD6C2-5BE8-4A63-A7AE-2D518EE0D95C}.Release|ARM64.ActiveCfg = Release|ARM64
		{F9ADD6C2-5BE8-4A63-A7AE-2D518EE0D95C}.Release|ARM64.Build.0 = Release|ARM64
		{F9ADD6C2-5BE8-4A63-A7AE-2D518EE0D95C}.Release|ARM64.Deploy.0 = Release|ARM64
		{5B7B6299-E806-4483-8F27-9FC83A1CD130}.Debug|x64.ActiveCfg = Debug|x64
		{5B7B6299-E806-4483-8F27-9FC83A1CD130}.Debug|x64.Build.0 = Debug|x64
		{5B7B6299-E806-4483-8F27-9FC83A1CD130}.Debug|x64.Deploy.0 = Debug|x64
		{5B7B6299-E806-4483-8F27-9FC83A1CD130}.Debug|x86.ActiveCfg = Debug|Win32
		{5B7B6299-E806-4483-8F27-9FC83A1CD130}.Debug|x86.Build.0 = Debug|Win32
		{5B7B6299-E806-4483-8F27-9FC83A1CD130}.Debug|x86.Deploy.0 = Debug|Win32
		{5B7B6299-E806-4483-8F27-9FC83A1CD130}.Debug|ARM64.ActiveCfg = Debug|ARM64
		{5B7B6299-E806-4483-8F27-9FC83A1CD130}.Debug|ARM64.Build.0 = Debug|ARM64
		{5B7B6299-E806-4483-8F27-9FC83A1CD130}.Debug|ARM64.Deploy.0 = Debug|ARM64
		{5B7B6299-E806-4483-8F27-9FC83A1CD130}.Release|x64.ActiveCfg = Release|x64
		{5B7B6299-E806-4483-8F27-9FC83A1CD130}.Release|x64.Build.0 = Release|x64
		{5B7B6299-E806-4483-8F27-9FC83A1CD130}.Release|x64.Deploy.0 = Release|x64
		{5B7B6299-E806-4483-8F27-9FC83A1CD130}.Release|x86.ActiveCfg = Release|Win32
		{5B7B6299-E806-4483-8F27-9FC83A1CD130}.Release|x86.Build.0 = Release|Win32
		{5B7B6299-E806-4483-8F27-9FC83A1CD130}.Release|x86.Deploy.0 = Release|Win32
		{5B7B6299-E806-4483-8F27-9FC83A1CD130}.Release|ARM64.ActiveCfg = Release|ARM64
		{5B7B6299-E806-4483-8F27-9FC83A1CD130}.Release|ARM64.Build.0 = Release|ARM64
		{5B7B6299-E806-4483-8F27-9FC83A1CD130}.Release|ARM64.Deploy.0 = Release|ARM64
		{BEDCC600-4541-41F2-AA46-9E058202B6AD}.Debug|x64.ActiveCfg = Debug|x64
		{BEDCC600-4541-41F2-AA46-9E058202B6AD}.Debug|x64.Build.0 = Debug|x64
		{BEDCC600-4541-41F2-AA46-9E058202B6AD}.Debug|x86.ActiveCfg = Debug|Win32
		{BEDCC600-4541-41F2-AA46-9E058202B6AD}.Debug|x86.Build.0 = Debug|Win32
		{BEDCC600-4541-41F2-AA46-9E058202B6AD}.Debug|ARM64.ActiveCfg = Debug|ARM64
		{BEDCC600-4541-41F2-AA46-9E058202B6AD}.Debug|ARM64.Build.0 = Debug|ARM64
		{BEDCC600-4541-41F2-AA46-9E058202B6AD}.Release|x64.ActiveCfg = Release|x64
		{BEDCC600-4541-41F2-AA46-9E058202B6AD}.Release|x64.Build.0 = Release|x64
		{BEDCC600-4541-41F2-AA46-9E058202B6AD}.Release|x86.ActiveCfg = Release|Win32
		{BEDCC600-4541-41F2-AA46-9E058202B6AD}.Release|x86.Build.0 = Release|Win32
		{BEDCC600-4541-41F2-AA46-9E058202B6AD}.Release|ARM64.ActiveCfg = Release|ARM64
		{BEDCC600-4541-41F2-AA46-9E058202B6AD}.Release|ARM64.Build.0 = Release|ARM64
	EndGlobalSection
	GlobalSection(SolutionProperties) = preSolution
		HideSolutionNode = FALSE
	EndGlobalSection
	GlobalSection(ExtensibilityGlobals) = postSolution
		SolutionGuid = {D43FAD39-F619-437D-BB40-04A3982ACB6A}
	EndGlobalSection
EndGlobal
